
Microsoft Visual Studio Solution File, Format Version 12.00
# Visual Studio 15
VisualStudioVersion = 15.0.28307.645
MinimumVisualStudioVersion = 10.0.40219.1
Project("{FAE04EC0-301F-11D3-BF4B-00C04F79EFBC}") = "EventAssignment", "EventAssignment\EventAssignment.csproj", "{EE9FADF5-631C-48AA-8AEE-18D4379683F6}"
EndProject
Global
	GlobalSection(SolutionConfigurationPlatforms) = preSolution
		Debug|Any CPU = Debug|Any CPU
		Release|Any CPU = Release|Any CPU
	EndGlobalSection
	GlobalSection(ProjectConfigurationPlatforms) = postSolution
		{EE9FADF5-631C-48AA-8AEE-18D4379683F6}.Debug|Any CPU.ActiveCfg = Debug|Any CPU
		{EE9FADF5-631C-48AA-8AEE-18D4379683F6}.Debug|Any CPU.Build.0 = Debug|Any CPU
		{EE9FADF5-631C-48AA-8AEE-18D4379683F6}.Release|Any CPU.ActiveCfg = Release|Any CPU
		{EE9FADF5-631C-48AA-8AEE-18D4379683F6}.Release|Any CPU.Build.0 = Release|Any CPU
	EndGlobalSection
	GlobalSection(SolutionProperties) = preSolution
		HideSolutionNode = FALSE
	EndGlobalSection
	GlobalSection(ExtensibilityGlobals) = postSolution
		SolutionGuid = {AEB9E6A6-1284-4826-A61F-854EAA4DD112}
	EndGlobalSection
EndGlobal
